
Microsoft Visual Studio Solution File, Format Version 12.00
# Visual Studio Version 16
VisualStudioVersion = 16.0.31129.286
MinimumVisualStudioVersion = 10.0.40219.1
Project("{8BC9CEB8-8B4A-11D0-8D11-00A0C91BC942}") = "Sticky-notes.com", "Sticky-notes.com.vcxproj", "{EE9305C6-8971-45B8-BD44-A641611A1520}"
EndProject
Global
	GlobalSection(SolutionConfigurationPlatforms) = preSolution
		Debug|x64 = Debug|x64
		Debug|x86 = Debug|x86
		Release|x64 = Release|x64
		Release|x86 = Release|x86
	EndGlobalSection
	GlobalSection(ProjectConfigurationPlatforms) = postSolution
		{EE9305C6-8971-45B8-BD44-A641611A1520}.Debug|x64.ActiveCfg = Debug|x64
		{EE9305C6-8971-45B8-BD44-A641611A1520}.Debug|x64.Build.0 = Debug|x64
		{EE9305C6-8971-45B8-BD44-A641611A1520}.Debug|x86.ActiveCfg = Debug|Win32
		{EE9305C6-8971-45B8-BD44-A641611A1520}.Debug|x86.Build.0 = Debug|Win32
		{EE9305C6-8971-45B8-BD44-A641611A1520}.Release|x64.ActiveCfg = Release|x64
		{EE9305C6-8971-45B8-BD44-A641611A1520}.Release|x64.Build.0 = Release|x64
		{EE9305C6-8971-45B8-BD44-A641611A1520}.Release|x86.ActiveCfg = Release|Win32
		{EE9305C6-8971-45B8-BD44-A641611A1520}.Release|x86.Build.0 = Release|Win32
	EndGlobalSection
	GlobalSection(SolutionProperties) = preSolution
		HideSolutionNode = FALSE
	EndGlobalSection
	GlobalSection(ExtensibilityGlobals) = postSolution
		SolutionGuid = {0F407F89-A5D3-4CFE-8B06-7F2754E8B6B7}
	EndGlobalSection
EndGlobal
