<?xml version="1.0" encoding="utf-8"?>
<Project ToolsVersion="4.0" xmlns="http://schemas.microsoft.com/developer/msbuild/2003">
  <ItemGroup>
    <Filter Include="Source Files">
      <UniqueIdentifier>{4FC737F1-C7A5-4376-A066-2A32D752A2FF}</UniqueIdentifier>
      <Extensions>cpp;c;cc;cxx;def;odl;idl;hpj;bat;asm;asmx</Extensions>
    </Filter>
    <Filter Include="Header Files">
      <UniqueIdentifier>{93995380-89BD-4b04-88EB-625FBE52EBFB}</UniqueIdentifier>
      <Extensions>h;hh;hpp;hxx;hm;inl;inc;xsd</Extensions>
    </Filter>
    <Filter Include="Resource Files">
      <UniqueIdentifier>{67DA6AB6-F800-4c08-8B7A-83BB121AAD01}</UniqueIdentifier>
      <Extensions>rc;ico;cur;bmp;dlg;rc2;rct;bin;rgs;gif;jpg;jpeg;jpe;resx;tiff;tif;png;wav</Extensions>
    </Filter>
    <Filter Include="Header Files\utils">
      <UniqueIdentifier>{9588e13f-3b0b-4dac-ba07-abe0b7eefcd0}</UniqueIdentifier>
    </Filter>
    <Filter Include="Source Files\utils">
      <UniqueIdentifier>{4dc5e98c-4600-4703-8cff-d585f85c367e}</UniqueIdentifier>
    </Filter>
    <Filter Include="Header Files\engine">
      <UniqueIdentifier>{76828e32-5b41-4cb6-83e5-ba83e62afb79}</UniqueIdentifier>
    </Filter>
    <Filter Include="Source Files\engine">
      <UniqueIdentifier>{934ced2d-ccaa-4c5e-be65-831a9bcd756c}</UniqueIdentifier>
    </Filter>
  </ItemGroup>
  <ItemGroup>
    <ClCompile Include="..\server_src\main.cpp">
      <Filter>Source Files</Filter>
    </ClCompile>
    <ClCompile Include="..\server_src\utils\Utils.cpp">
      <Filter>Source Files\utils</Filter>
    </ClCompile>
    <ClCompile Include="..\server_src\utils\Logger.cpp">
      <Filter>Source Files\utils</Filter>
    </ClCompile>
    <ClCompile Include="..\server_src\utils\Crypto.cpp">
      <Filter>Source Files\utils</Filter>
    </ClCompile>
    <ClCompile Include="..\server_src\engine\Note.cpp">
      <Filter>Source Files\engine</Filter>
    </ClCompile>
    <ClCompile Include="..\server_src\engine\NoteBoard.cpp">
      <Filter>Source Files\engine</Filter>
    </ClCompile>
    <ClCompile Include="..\server_src\User.cpp">
      <Filter>Source Files</Filter>
    </ClCompile>
    <ClCompile Include="..\server_src\engine\NoteManger.cpp">
      <Filter>Source Files\engine</Filter>
    </ClCompile>
    <ClCompile Include="..\server_src\AuthenticationManager.cpp">
      <Filter>Source Files</Filter>
    </ClCompile>
  </ItemGroup>
  <ItemGroup>
    <ClInclude Include="..\server_src\NotesEndpoint.h">
      <Filter>Header Files</Filter>
    </ClInclude>
    <ClInclude Include="..\server_src\MainEndpoint.h">
      <Filter>Header Files</Filter>
    </ClInclude>
    <ClInclude Include="..\server_src\utils\Utils.h">
      <Filter>Header Files\utils</Filter>
    </ClInclude>
    <ClInclude Include="..\server_src\utils\Logger.h">
      <Filter>Header Files\utils</Filter>
    </ClInclude>
    <ClInclude Include="..\server_src\LoginEndPoint.h">
      <Filter>Header Files</Filter>
    </ClInclude>
    <ClInclude Include="..\server_src\utils\Crypto.h">
      <Filter>Header Files\utils</Filter>
    </ClInclude>
    <ClInclude Include="..\server_src\engine\Note.h">
      <Filter>Header Files\engine</Filter>
    </ClInclude>
    <ClInclude Include="..\server_src\engine\NoteBoard.h">
      <Filter>Header Files\engine</Filter>
    </ClInclude>
    <ClInclude Include="..\server_src\User.h">
      <Filter>Header Files</Filter>
    </ClInclude>
    <ClInclude Include="..\server_src\AuthenticationManager.h">
      <Filter>Header Files</Filter>
    </ClInclude>
    <ClInclude Include="..\server_src\engine\NoteManager.h">
      <Filter>Header Files\engine</Filter>
    </ClInclude>
  </ItemGroup>
</Project>